// !$*UTF8*$!
{
	archiveVersion = 1;
	classes = {
	};
	objectVersion = 46;
	objects = {

/* Begin PBXBuildFile section */
		E076CEBD1A83BCA300C96AE9 /* main.m in Sources */ = {isa = PBXBuildFile; fileRef = E076CEBC1A83BCA300C96AE9 /* main.m */; };
		E076CEC01A83BCA300C96AE9 /* AppDelegate.m in Sources */ = {isa = PBXBuildFile; fileRef = E076CEBF1A83BCA300C96AE9 /* AppDelegate.m */; };
		E076CEC61A83BCA300C96AE9 /* Main.storyboard in Resources */ = {isa = PBXBuildFile; fileRef = E076CEC41A83BCA300C96AE9 /* Main.storyboard */; };
		E076CEC81A83BCA300C96AE9 /* Images.xcassets in Resources */ = {isa = PBXBuildFile; fileRef = E076CEC71A83BCA300C96AE9 /* Images.xcassets */; };
		E076CECB1A83BCA300C96AE9 /* LaunchScreen.xib in Resources */ = {isa = PBXBuildFile; fileRef = E076CEC91A83BCA300C96AE9 /* LaunchScreen.xib */; };
		E076CED71A83BCA300C96AE9 /* ToDoListTests.m in Sources */ = {isa = PBXBuildFile; fileRef = E076CED61A83BCA300C96AE9 /* ToDoListTests.m */; };
		E076CEE21A83CD3E00C96AE9 /* AddToDoItemViewController.m in Sources */ = {isa = PBXBuildFile; fileRef = E076CEE11A83CD3E00C96AE9 /* AddToDoItemViewController.m */; };
		E076CEE51A83CE2900C96AE9 /* ToDoListTableViewController.m in Sources */ = {isa = PBXBuildFile; fileRef = E076CEE41A83CE2900C96AE9 /* ToDoListTableViewController.m */; };
		E076CEE81A84058300C96AE9 /* ToDoItem.m in Sources */ = {isa = PBXBuildFile; fileRef = E076CEE71A84058300C96AE9 /* ToDoItem.m */; };
/* End PBXBuildFile section */

/* Begin PBXContainerItemProxy section */
		E076CED11A83BCA300C96AE9 /* PBXContainerItemProxy */ = {
			isa = PBXContainerItemProxy;
			containerPortal = E076CEAF1A83BCA300C96AE9 /* Project object */;
			proxyType = 1;
			remoteGlobalIDString = E076CEB61A83BCA300C96AE9;
			remoteInfo = ToDoList;
		};
/* End PBXContainerItemProxy section */

/* Begin PBXFileReference section */
		E076CEB71A83BCA300C96AE9 /* ToDoList.app */ = {isa = PBXFileReference; explicitFileType = wrapper.application; includeInIndex = 0; path = ToDoList.app; sourceTree = BUILT_PRODUCTS_DIR; };
		E076CEBB1A83BCA300C96AE9 /* Info.plist */ = {isa = PBXFileReference; lastKnownFileType = text.plist.xml; path = Info.plist; sourceTree = "<group>"; };
		E076CEBC1A83BCA300C96AE9 /* main.m */ = {isa = PBXFileReference; lastKnownFileType = sourcecode.c.objc; path = main.m; sourceTree = "<group>"; };
		E076CEBE1A83BCA300C96AE9 /* AppDelegate.h */ = {isa = PBXFileReference; lastKnownFileType = sourcecode.c.h; path = AppDelegate.h; sourceTree = "<group>"; };
		E076CEBF1A83BCA300C96AE9 /* AppDelegate.m */ = {isa = PBXFileReference; lastKnownFileType = sourcecode.c.objc; path = AppDelegate.m; sourceTree = "<group>"; };
		E076CEC51A83BCA300C96AE9 /* Base */ = {isa = PBXFileReference; lastKnownFileType = file.storyboard; name = Base; path = Base.lproj/Main.storyboard; sourceTree = "<group>"; };
		E076CEC71A83BCA300C96AE9 /* Images.xcassets */ = {isa = PBXFileReference; lastKnownFileType = folder.assetcatalog; path = Images.xcassets; sourceTree = "<group>"; };
		E076CECA1A83BCA300C96AE9 /* Base */ = {isa = PBXFileReference; lastKnownFileType = file.xib; name = Base; path = Base.lproj/LaunchScreen.xib; sourceTree = "<group>"; };
		E076CED01A83BCA300C96AE9 /* ToDoListTests.xctest */ = {isa = PBXFileReference; explicitFileType = wrapper.cfbundle; includeInIndex = 0; path = ToDoListTests.xctest; sourceTree = BUILT_PRODUCTS_DIR; };
		E076CED51A83BCA300C96AE9 /* Info.plist */ = {isa = PBXFileReference; lastKnownFileType = text.plist.xml; path = Info.plist; sourceTree = "<group>"; };
		E076CED61A83BCA300C96AE9 /* ToDoListTests.m */ = {isa = PBXFileReference; lastKnownFileType = sourcecode.c.objc; path = ToDoListTests.m; sourceTree = "<group>"; };
		E076CEE01A83CD3E00C96AE9 /* AddToDoItemViewController.h */ = {isa = PBXFileReference; fileEncoding = 4; lastKnownFileType = sourcecode.c.h; name = AddToDoItemViewController.h; path = ../AddToDoItemViewController.h; sourceTree = "<group>"; };
		E076CEE11A83CD3E00C96AE9 /* AddToDoItemViewController.m */ = {isa = PBXFileReference; fileEncoding = 4; lastKnownFileType = sourcecode.c.objc; name = AddToDoItemViewController.m; path = ../AddToDoItemViewController.m; sourceTree = "<group>"; };
		E076CEE31A83CE2900C96AE9 /* ToDoListTableViewController.h */ = {isa = PBXFileReference; fileEncoding = 4; lastKnownFileType = sourcecode.c.h; path = ToDoListTableViewController.h; sourceTree = "<group>"; };
		E076CEE41A83CE2900C96AE9 /* ToDoListTableViewController.m */ = {isa = PBXFileReference; fileEncoding = 4; lastKnownFileType = sourcecode.c.objc; path = ToDoListTableViewController.m; sourceTree = "<group>"; };
		E076CEE61A84058300C96AE9 /* ToDoItem.h */ = {isa = PBXFileReference; fileEncoding = 4; lastKnownFileType = sourcecode.c.h; path = ToDoItem.h; sourceTree = "<group>"; };
		E076CEE71A84058300C96AE9 /* ToDoItem.m */ = {isa = PBXFileReference; fileEncoding = 4; lastKnownFileType = sourcecode.c.objc; path = ToDoItem.m; sourceTree = "<group>"; };
/* End PBXFileReference section */

/* Begin PBXFrameworksBuildPhase section */
		E076CEB41A83BCA300C96AE9 /* Frameworks */ = {
			isa = PBXFrameworksBuildPhase;
			buildActionMask = 2147483647;
			files = (
			);
			runOnlyForDeploymentPostprocessing = 0;
		};
		E076CECD1A83BCA300C96AE9 /* Frameworks */ = {
			isa = PBXFrameworksBuildPhase;
			buildActionMask = 2147483647;
			files = (
			);
			runOnlyForDeploymentPostprocessing = 0;
		};
/* End PBXFrameworksBuildPhase section */

/* Begin PBXGroup section */
		E076CEAE1A83BCA300C96AE9 = {
			isa = PBXGroup;
			children = (
				E076CEB91A83BCA300C96AE9 /* ToDoList */,
				E076CED31A83BCA300C96AE9 /* ToDoListTests */,
				E076CEB81A83BCA300C96AE9 /* Products */,
			);
			sourceTree = "<group>";
		};
		E076CEB81A83BCA300C96AE9 /* Products */ = {
			isa = PBXGroup;
			children = (
				E076CEB71A83BCA300C96AE9 /* ToDoList.app */,
				E076CED01A83BCA300C96AE9 /* ToDoListTests.xctest */,
			);
			name = Products;
			sourceTree = "<group>";
		};
		E076CEB91A83BCA300C96AE9 /* ToDoList */ = {
			isa = PBXGroup;
			children = (
				E076CEE01A83CD3E00C96AE9 /* AddToDoItemViewController.h */,
				E076CEE11A83CD3E00C96AE9 /* AddToDoItemViewController.m */,
				E076CEBE1A83BCA300C96AE9 /* AppDelegate.h */,
				E076CEBF1A83BCA300C96AE9 /* AppDelegate.m */,
				E076CEC41A83BCA300C96AE9 /* Main.storyboard */,
				E076CEE31A83CE2900C96AE9 /* ToDoListTableViewController.h */,
				E076CEE41A83CE2900C96AE9 /* ToDoListTableViewController.m */,
				E076CEE61A84058300C96AE9 /* ToDoItem.h */,
				E076CEE71A84058300C96AE9 /* ToDoItem.m */,
				E076CEC71A83BCA300C96AE9 /* Images.xcassets */,
				E076CEC91A83BCA300C96AE9 /* LaunchScreen.xib */,
				E076CEBA1A83BCA300C96AE9 /* Supporting Files */,
			);
			path = ToDoList;
			sourceTree = "<group>";
		};
		E076CEBA1A83BCA300C96AE9 /* Supporting Files */ = {
			isa = PBXGroup;
			children = (
				E076CEBB1A83BCA300C96AE9 /* Info.plist */,
				E076CEBC1A83BCA300C96AE9 /* main.m */,
			);
			name = "Supporting Files";
			sourceTree = "<group>";
		};
		E076CED31A83BCA300C96AE9 /* ToDoListTests */ = {
			isa = PBXGroup;
			children = (
				E076CED61A83BCA300C96AE9 /* ToDoListTests.m */,
				E076CED41A83BCA300C96AE9 /* Supporting Files */,
			);
			path = ToDoListTests;
			sourceTree = "<group>";
		};
		E076CED41A83BCA300C96AE9 /* Supporting Files */ = {
			isa = PBXGroup;
			children = (
				E076CED51A83BCA300C96AE9 /* Info.plist */,
			);
			name = "Supporting Files";
			sourceTree = "<group>";
		};
/* End PBXGroup section */

/* Begin PBXNativeTarget section */
		E076CEB61A83BCA300C96AE9 /* ToDoList */ = {
			isa = PBXNativeTarget;
			buildConfigurationList = E076CEDA1A83BCA300C96AE9 /* Build configuration list for PBXNativeTarget "ToDoList" */;
			buildPhases = (
				E076CEB31A83BCA300C96AE9 /* Sources */,
				E076CEB41A83BCA300C96AE9 /* Frameworks */,
				E076CEB51A83BCA300C96AE9 /* Resources */,
			);
			buildRules = (
			);
			dependencies = (
			);
			name = ToDoList;
			productName = ToDoList;
			productReference = E076CEB71A83BCA300C96AE9 /* ToDoList.app */;
			productType = "com.apple.product-type.application";
		};
		E076CECF1A83BCA300C96AE9 /* ToDoListTests */ = {
			isa = PBXNativeTarget;
			buildConfigurationList = E076CEDD1A83BCA300C96AE9 /* Build configuration list for PBXNativeTarget "ToDoListTests" */;
			buildPhases = (
				E076CECC1A83BCA300C96AE9 /* Sources */,
				E076CECD1A83BCA300C96AE9 /* Frameworks */,
				E076CECE1A83BCA300C96AE9 /* Resources */,
			);
			buildRules = (
			);
			dependencies = (
				E076CED21A83BCA300C96AE9 /* PBXTargetDependency */,
			);
			name = ToDoListTests;
			productName = ToDoListTests;
			productReference = E076CED01A83BCA300C96AE9 /* ToDoListTests.xctest */;
			productType = "com.apple.product-type.bundle.unit-test";
		};
/* End PBXNativeTarget section */

/* Begin PBXProject section */
		E076CEAF1A83BCA300C96AE9 /* Project object */ = {
			isa = PBXProject;
			attributes = {
				LastUpgradeCheck = 0610;
				ORGANIZATIONNAME = "Gabe Kessler";
				TargetAttributes = {
					E076CEB61A83BCA300C96AE9 = {
						CreatedOnToolsVersion = 6.1.1;
					};
					E076CECF1A83BCA300C96AE9 = {
						CreatedOnToolsVersion = 6.1.1;
						TestTargetID = E076CEB61A83BCA300C96AE9;
					};
				};
			};
			buildConfigurationList = E076CEB21A83BCA300C96AE9 /* Build configuration list for PBXProject "ToDoList" */;
			compatibilityVersion = "Xcode 3.2";
			developmentRegion = English;
			hasScannedForEncodings = 0;
			knownRegions = (
				en,
				Base,
			);
			mainGroup = E076CEAE1A83BCA300C96AE9;
			productRefGroup = E076CEB81A83BCA300C96AE9 /* Products */;
			projectDirPath = "";
			projectRoot = "";
			targets = (
				E076CEB61A83BCA300C96AE9 /* ToDoList */,
				E076CECF1A83BCA300C96AE9 /* ToDoListTests */,
			);
		};
/* End PBXProject section */

/* Begin PBXResourcesBuildPhase section */
		E076CEB51A83BCA300C96AE9 /* Resources */ = {
			isa = PBXResourcesBuildPhase;
			buildActionMask = 2147483647;
			files = (
				E076CEC61A83BCA300C96AE9 /* Main.storyboard in Resources */,
				E076CECB1A83BCA300C96AE9 /* LaunchScreen.xib in Resources */,
				E076CEC81A83BCA300C96AE9 /* Images.xcassets in Resources */,
			);
			runOnlyForDeploymentPostprocessing = 0;
		};
		E076CECE1A83BCA300C96AE9 /* Resources */ = {
			isa = PBXResourcesBuildPhase;
			buildActionMask = 2147483647;
			files = (
			);
			runOnlyForDeploymentPostprocessing = 0;
		};
/* End PBXResourcesBuildPhase section */

/* Begin PBXSourcesBuildPhase section */
		E076CEB31A83BCA300C96AE9 /* Sources */ = {
			isa = PBXSourcesBuildPhase;
			buildActionMask = 2147483647;
			files = (
				E076CEC01A83BCA300C96AE9 /* AppDelegate.m in Sources */,
				E076CEE81A84058300C96AE9 /* ToDoItem.m in Sources */,
				E076CEE51A83CE2900C96AE9 /* ToDoListTableViewController.m in Sources */,
				E076CEBD1A83BCA300C96AE9 /* main.m in Sources */,
				E076CEE21A83CD3E00C96AE9 /* AddToDoItemViewController.m in Sources */,
			);
			runOnlyForDeploymentPostprocessing = 0;
		};
		E076CECC1A83BCA300C96AE9 /* Sources */ = {
			isa = PBXSourcesBuildPhase;
			buildActionMask = 2147483647;
			files = (
				E076CED71A83BCA300C96AE9 /* ToDoListTests.m in Sources */,
			);
			runOnlyForDeploymentPostprocessing = 0;
		};
/* End PBXSourcesBuildPhase section */

/* Begin PBXTargetDependency section */
		E076CED21A83BCA300C96AE9 /* PBXTargetDependency */ = {
			isa = PBXTargetDependency;
			target = E076CEB61A83BCA300C96AE9 /* ToDoList */;
			targetProxy = E076CED11A83BCA300C96AE9 /* PBXContainerItemProxy */;
		};
/* End PBXTargetDependency section */

/* Begin PBXVariantGroup section */
		E076CEC41A83BCA300C96AE9 /* Main.storyboard */ = {
			isa = PBXVariantGroup;
			children = (
				E076CEC51A83BCA300C96AE9 /* Base */,
			);
			name = Main.storyboard;
			sourceTree = "<group>";
		};
		E076CEC91A83BCA300C96AE9 /* LaunchScreen.xib */ = {
			isa = PBXVariantGroup;
			children = (
				E076CECA1A83BCA300C96AE9 /* Base */,
			);
			name = LaunchScreen.xib;
			sourceTree = "<group>";
		};
/* End PBXVariantGroup section */

/* Begin XCBuildConfiguration section */
		E076CED81A83BCA300C96AE9 /* Debug */ = {
			isa = XCBuildConfiguration;
			buildSettings = {
				ALWAYS_SEARCH_USER_PATHS = NO;
				CLANG_CXX_LANGUAGE_STANDARD = "gnu++0x";
				CLANG_CXX_LIBRARY = "libc++";
				CLANG_ENABLE_MODULES = YES;
				CLANG_ENABLE_OBJC_ARC = YES;
				CLANG_WARN_BOOL_CONVERSION = YES;
				CLANG_WARN_CONSTANT_CONVERSION = YES;
				CLANG_WARN_DIRECT_OBJC_ISA_USAGE = YES_ERROR;
				CLANG_WARN_EMPTY_BODY = YES;
				CLANG_WARN_ENUM_CONVERSION = YES;
				CLANG_WARN_INT_CONVERSION = YES;
				CLANG_WARN_OBJC_ROOT_CLASS = YES_ERROR;
				CLANG_WARN_UNREACHABLE_CODE = YES;
				CLANG_WARN__DUPLICATE_METHOD_MATCH = YES;
				"CODE_SIGN_IDENTITY[sdk=iphoneos*]" = "iPhone Developer";
				COPY_PHASE_STRIP = NO;
				ENABLE_STRICT_OBJC_MSGSEND = YES;
				GCC_C_LANGUAGE_STANDARD = gnu99;
				GCC_DYNAMIC_NO_PIC = NO;
				GCC_OPTIMIZATION_LEVEL = 0;
				GCC_PREPROCESSOR_DEFINITIONS = (
					"DEBUG=1",
					"$(inherited)",
				);
				GCC_SYMBOLS_PRIVATE_EXTERN = NO;
				GCC_WARN_64_TO_32_BIT_CONVERSION = YES;
				GCC_WARN_ABOUT_RETURN_TYPE = YES_ERROR;
				GCC_WARN_UNDECLARED_SELECTOR = YES;
				GCC_WARN_UNINITIALIZED_AUTOS = YES_AGGRESSIVE;
				GCC_WARN_UNUSED_FUNCTION = YES;
				GCC_WARN_UNUSED_VARIABLE = YES;
				IPHONEOS_DEPLOYMENT_TARGET = 8.1;
				MTL_ENABLE_DEBUG_INFO = YES;
				ONLY_ACTIVE_ARCH = YES;
				SDKROOT = iphoneos;
				TARGETED_DEVICE_FAMILY = "1,2";
			};
			name = Debug;
		};
		E076CED91A83BCA300C96AE9 /* Release */ = {
			isa = XCBuildConfiguration;
			buildSettings = {
				ALWAYS_SEARCH_USER_PATHS = NO;
				CLANG_CXX_LANGUAGE_STANDARD = "gnu++0x";
				CLANG_CXX_LIBRARY = "libc++";
				CLANG_ENABLE_MODULES = YES;
				CLANG_ENABLE_OBJC_ARC = YES;
				CLANG_WARN_BOOL_CONVERSION = YES;
				CLANG_WARN_CONSTANT_CONVERSION = YES;
				CLANG_WARN_DIRECT_OBJC_ISA_USAGE = YES_ERROR;
				CLANG_WARN_EMPTY_BODY = YES;
				CLANG_WARN_ENUM_CONVERSION = YES;
				CLANG_WARN_INT_CONVERSION = YES;
				CLANG_WARN_OBJC_ROOT_CLASS = YES_ERROR;
				CLANG_WARN_UNREACHABLE_CODE = YES;
				CLANG_WARN__DUPLICATE_METHOD_MATCH = YES;
				"CODE_SIGN_IDENTITY[sdk=iphoneos*]" = "iPhone Developer";
				COPY_PHASE_STRIP = YES;
				ENABLE_NS_ASSERTIONS = NO;
				ENABLE_STRICT_OBJC_MSGSEND = YES;
				GCC_C_LANGUAGE_STANDARD = gnu99;
				GCC_WARN_64_TO_32_BIT_CONVERSION = YES;
				GCC_WARN_ABOUT_RETURN_TYPE = YES_ERROR;
				GCC_WARN_UNDECLARED_SELECTOR = YES;
				GCC_WARN_UNINITIALIZED_AUTOS = YES_AGGRESSIVE;
				GCC_WARN_UNUSED_FUNCTION = YES;
				GCC_WARN_UNUSED_VARIABLE = YES;
				IPHONEOS_DEPLOYMENT_TARGET = 8.1;
				MTL_ENABLE_DEBUG_INFO = NO;
				SDKROOT = iphoneos;
				TARGETED_DEVICE_FAMILY = "1,2";
				VALIDATE_PRODUCT = YES;
			};
			name = Release;
		};
		E076CEDB1A83BCA300C96AE9 /* Debug */ = {
			isa = XCBuildConfiguration;
			buildSettings = {
				ASSETCATALOG_COMPILER_APPICON_NAME = AppIcon;
				INFOPLIST_FILE = ToDoList/Info.plist;
				LD_RUNPATH_SEARCH_PATHS = "$(inherited) @executable_path/Frameworks";
				PRODUCT_NAME = "$(TARGET_NAME)";
			};
			name = Debug;
		};
		E076CEDC1A83BCA300C96AE9 /* Release */ = {
			isa = XCBuildConfiguration;
			buildSettings = {
				ASSETCATALOG_COMPILER_APPICON_NAME = AppIcon;
				INFOPLIST_FILE = ToDoList/Info.plist;
				LD_RUNPATH_SEARCH_PATHS = "$(inherited) @executable_path/Frameworks";
				PRODUCT_NAME = "$(TARGET_NAME)";
			};
			name = Release;
		};
		E076CEDE1A83BCA300C96AE9 /* Debug */ = {
			isa = XCBuildConfiguration;
			buildSettings = {
				BUNDLE_LOADER = "$(TEST_HOST)";
				FRAMEWORK_SEARCH_PATHS = (
					"$(SDKROOT)/Developer/Library/Frameworks",
					"$(inherited)",
				);
				GCC_PREPROCESSOR_DEFINITIONS = (
					"DEBUG=1",
					"$(inherited)",
				);
				INFOPLIST_FILE = ToDoListTests/Info.plist;
				LD_RUNPATH_SEARCH_PATHS = "$(inherited) @executable_path/Frameworks @loader_path/Frameworks";
				PRODUCT_NAME = "$(TARGET_NAME)";
				TEST_HOST = "$(BUILT_PRODUCTS_DIR)/ToDoList.app/ToDoList";
			};
			name = Debug;
		};
		E076CEDF1A83BCA300C96AE9 /* Release */ = {
			isa = XCBuildConfiguration;
			buildSettings = {
				BUNDLE_LOADER = "$(TEST_HOST)";
				FRAMEWORK_SEARCH_PATHS = (
					"$(SDKROOT)/Developer/Library/Frameworks",
					"$(inherited)",
				);
				INFOPLIST_FILE = ToDoListTests/Info.plist;
				LD_RUNPATH_SEARCH_PATHS = "$(inherited) @executable_path/Frameworks @loader_path/Frameworks";
				PRODUCT_NAME = "$(TARGET_NAME)";
				TEST_HOST = "$(BUILT_PRODUCTS_DIR)/ToDoList.app/ToDoList";
			};
			name = Release;
		};
/* End XCBuildConfiguration section */

/* Begin XCConfigurationList section */
		E076CEB21A83BCA300C96AE9 /* Build configuration list for PBXProject "ToDoList" */ = {
			isa = XCConfigurationList;
			buildConfigurations = (
				E076CED81A83BCA300C96AE9 /* Debug */,
				E076CED91A83BCA300C96AE9 /* Release */,
			);
			defaultConfigurationIsVisible = 0;
			defaultConfigurationName = Release;
		};
		E076CEDA1A83BCA300C96AE9 /* Build configuration list for PBXNativeTarget "ToDoList" */ = {
			isa = XCConfigurationList;
			buildConfigurations = (
				E076CEDB1A83BCA300C96AE9 /* Debug */,
				E076CEDC1A83BCA300C96AE9 /* Release */,
			);
			defaultConfigurationIsVisible = 0;
		};
		E076CEDD1A83BCA300C96AE9 /* Build configuration list for PBXNativeTarget "ToDoListTests" */ = {
			isa = XCConfigurationList;
			buildConfigurations = (
				E076CEDE1A83BCA300C96AE9 /* Debug */,
				E076CEDF1A83BCA300C96AE9 /* Release */,
			);
			defaultConfigurationIsVisible = 0;
		};
/* End XCConfigurationList section */
	};
	rootObject = E076CEAF1A83BCA300C96AE9 /* Project object */;
}
